
Microsoft Visual Studio Solution File, Format Version 12.00
# Visual Studio Version 16
VisualStudioVersion = 16.0.31129.286
MinimumVisualStudioVersion = 10.0.40219.1
Project("{FAE04EC0-301F-11D3-BF4B-00C04F79EFBC}") = "ExperimentWithControls", "ExperimentWithControls\ExperimentWithControls.csproj", "{4928E110-D6A3-4EBA-B39A-D592E4327197}"
EndProject
Global
	GlobalSection(SolutionConfigurationPlatforms) = preSolution
		Debug|Any CPU = Debug|Any CPU
		Release|Any CPU = Release|Any CPU
	EndGlobalSection
	GlobalSection(ProjectConfigurationPlatforms) = postSolution
		{4928E110-D6A3-4EBA-B39A-D592E4327197}.Debug|Any CPU.ActiveCfg = Debug|Any CPU
		{4928E110-D6A3-4EBA-B39A-D592E4327197}.Debug|Any CPU.Build.0 = Debug|Any CPU
		{4928E110-D6A3-4EBA-B39A-D592E4327197}.Release|Any CPU.ActiveCfg = Release|Any CPU
		{4928E110-D6A3-4EBA-B39A-D592E4327197}.Release|Any CPU.Build.0 = Release|Any CPU
	EndGlobalSection
	GlobalSection(SolutionProperties) = preSolution
		HideSolutionNode = FALSE
	EndGlobalSection
	GlobalSection(ExtensibilityGlobals) = postSolution
		SolutionGuid = {86336AD7-A8D7-4A01-A0AC-0F08B0A5F5AD}
	EndGlobalSection
EndGlobal
